<?xml version="1.0" encoding="utf-8"?>
<Project ToolsVersion="4.0" xmlns="http://schemas.microsoft.com/developer/msbuild/2003">
  <ItemGroup>
    <Filter Include="Source Files">
      <UniqueIdentifier>{4FC737F1-C7A5-4376-A066-2A32D752A2FF}</UniqueIdentifier>
      <Extensions>cpp;c;cc;cxx;def;odl;idl;hpj;bat;asm;asmx</Extensions>
    </Filter>
    <Filter Include="Header Files">
      <UniqueIdentifier>{93995380-89BD-4b04-88EB-625FBE52EBFB}</UniqueIdentifier>
      <Extensions>h;hpp;hxx;hm;inl;inc;xsd</Extensions>
    </Filter>
    <Filter Include="Resource Files">
      <UniqueIdentifier>{67DA6AB6-F800-4c08-8B7A-83BB121AAD01}</UniqueIdentifier>
      <Extensions>rc;ico;cur;bmp;dlg;rc2;rct;bin;rgs;gif;jpg;jpeg;jpe;resx;tiff;tif;png;wav;mfcribbon-ms</Extensions>
    </Filter>
  </ItemGroup>
  <ItemGroup>
    <None Include="ReadMe.txt" />
    <None Include="app.ico">
      <Filter>Resource Files</Filter>
    </None>
    <None Include="setup.txt">
      <Filter>Resource Files</Filter>
    </None>
  </ItemGroup>
  <ItemGroup>
    <ClCompile Include="hotel.cpp">
      <Filter>Source Files</Filter>
    </ClCompile>
    <ClCompile Include="AssemblyInfo.cpp">
      <Filter>Source Files</Filter>
    </ClCompile>
    <ClCompile Include="stdafx.cpp">
      <Filter>Source Files</Filter>
    </ClCompile>
    <ClCompile Include="adminPanel.cpp">
      <Filter>Source Files</Filter>
    </ClCompile>
    <ClCompile Include="changePassword.cpp">
      <Filter>Source Files</Filter>
    </ClCompile>
    <ClCompile Include="superPanel.cpp">
      <Filter>Source Files</Filter>
    </ClCompile>
    <ClCompile Include="h_guest.cpp">
      <Filter>Source Files</Filter>
    </ClCompile>
    <ClCompile Include="addRec.cpp">
      <Filter>Source Files</Filter>
    </ClCompile>
    <ClCompile Include="Guest_book.cpp">
      <Filter>Header Files</Filter>
    </ClCompile>
    <ClCompile Include="roombook.cpp">
      <Filter>Header Files</Filter>
    </ClCompile>
    <ClCompile Include="Tour.cpp">
      <Filter>Header Files</Filter>
    </ClCompile>
    <ClCompile Include="editRoom.cpp">
      <Filter>Source Files</Filter>
    </ClCompile>
    <ClCompile Include="billing.cpp">
      <Filter>Source Files</Filter>
    </ClCompile>
    <ClCompile Include="checkOutForm.cpp">
      <Filter>Source Files</Filter>
    </ClCompile>
    <ClCompile Include="forget_it.cpp">
      <Filter>Source Files</Filter>
    </ClCompile>
    <ClCompile Include="userClass.cpp">
      <Filter>Source Files</Filter>
    </ClCompile>
    <ClCompile Include="InstallForm.cpp">
      <Filter>Source Files</Filter>
    </ClCompile>
    <ClCompile Include="importTables.cpp">
      <Filter>Source Files</Filter>
    </ClCompile>
  </ItemGroup>
  <ItemGroup>
    <ClInclude Include="Form1.h">
      <Filter>Header Files</Filter>
    </ClInclude>
    <ClInclude Include="stdafx.h">
      <Filter>Header Files</Filter>
    </ClInclude>
    <ClInclude Include="resource.h">
      <Filter>Header Files</Filter>
    </ClInclude>
    <ClInclude Include="adminPanel.h">
      <Filter>Header Files</Filter>
    </ClInclude>
    <ClInclude Include="changePassword.h">
      <Filter>Header Files</Filter>
    </ClInclude>
    <ClInclude Include="superPanel.h">
      <Filter>Header Files</Filter>
    </ClInclude>
    <ClInclude Include="h_guest.h">
      <Filter>Header Files</Filter>
    </ClInclude>
    <ClInclude Include="addRec.h">
      <Filter>Header Files</Filter>
    </ClInclude>
    <ClInclude Include="Guest_book.h">
      <Filter>Header Files</Filter>
    </ClInclude>
    <ClInclude Include="roombook.h">
      <Filter>Header Files</Filter>
    </ClInclude>
    <ClInclude Include="Tour.h">
      <Filter>Header Files</Filter>
    </ClInclude>
    <ClInclude Include="editRoom.h">
      <Filter>Header Files</Filter>
    </ClInclude>
    <ClInclude Include="billing.h">
      <Filter>Header Files</Filter>
    </ClInclude>
    <ClInclude Include="globalvars.h">
      <Filter>Header Files</Filter>
    </ClInclude>
    <ClInclude Include="checkOutForm.h">
      <Filter>Header Files</Filter>
    </ClInclude>
    <ClInclude Include="forget_it.h">
      <Filter>Header Files</Filter>
    </ClInclude>
    <ClInclude Include="userClass.h">
      <Filter>Header Files</Filter>
    </ClInclude>
    <ClInclude Include="InstallForm.h">
      <Filter>Header Files</Filter>
    </ClInclude>
    <ClInclude Include="importTables.h">
      <Filter>Header Files</Filter>
    </ClInclude>
  </ItemGroup>
  <ItemGroup>
    <ResourceCompile Include="app.rc">
      <Filter>Resource Files</Filter>
    </ResourceCompile>
  </ItemGroup>
  <ItemGroup>
    <EmbeddedResource Include="Form1.resX">
      <Filter>Resource Files</Filter>
    </EmbeddedResource>
    <EmbeddedResource Include="adminPanel.resx">
      <Filter>Resource Files</Filter>
    </EmbeddedResource>
    <EmbeddedResource Include="changePassword.resx">
      <Filter>Resource Files</Filter>
    </EmbeddedResource>
    <EmbeddedResource Include="superPanel.resx">
      <Filter>Resource Files</Filter>
    </EmbeddedResource>
    <EmbeddedResource Include="h_guest.resx">
      <Filter>Resource Files</Filter>
    </EmbeddedResource>
    <EmbeddedResource Include="addRec.resx">
      <Filter>Resource Files</Filter>
    </EmbeddedResource>
    <EmbeddedResource Include="editRoom.resx">
      <Filter>Resource Files</Filter>
    </EmbeddedResource>
    <EmbeddedResource Include="Guest_book.resx">
      <Filter>Resource Files</Filter>
    </EmbeddedResource>
    <EmbeddedResource Include="roombook.resx">
      <Filter>Resource Files</Filter>
    </EmbeddedResource>
    <EmbeddedResource Include="Tour.resx">
      <Filter>Resource Files</Filter>
    </EmbeddedResource>
    <EmbeddedResource Include="billing.resx">
      <Filter>Resource Files</Filter>
    </EmbeddedResource>
    <EmbeddedResource Include="checkOutForm.resx">
      <Filter>Resource Files</Filter>
    </EmbeddedResource>
    <EmbeddedResource Include="forget_it.resx">
      <Filter>Resource Files</Filter>
    </EmbeddedResource>
    <EmbeddedResource Include="userClass.resx">
      <Filter>Resource Files</Filter>
    </EmbeddedResource>
    <EmbeddedResource Include="importTables.resx">
      <Filter>Resource Files</Filter>
    </EmbeddedResource>
    <EmbeddedResource Include="InstallForm.resx">
      <Filter>Resource Files</Filter>
    </EmbeddedResource>
  </ItemGroup>
</Project>